
Microsoft Visual Studio Solution File, Format Version 12.00
# Visual Studio Version 16
VisualStudioVersion = 16.0.30907.101
MinimumVisualStudioVersion = 10.0.40219.1
Project("{9A19103F-16F7-4668-BE54-9A1E7A4F7556}") = "HassesWebshopCRM.API", "HassesWebshopCRM.API.csproj", "{1CE70226-1E3C-40D4-9202-A0FDB76240E0}"
EndProject
Project("{9A19103F-16F7-4668-BE54-9A1E7A4F7556}") = "HassesWebshopCRM.Domain", "..\HassesWebshopCRM.Domain\HassesWebshopCRM.Domain.csproj", "{E1B3BC53-DDF5-43CE-BC4B-155007B221F4}"
EndProject
Project("{9A19103F-16F7-4668-BE54-9A1E7A4F7556}") = "HassesWebshopCRM.Infrastructure", "..\HassesWebshopCRM.Infrastructure\HassesWebshopCRM.Infrastructure.csproj", "{DA59823B-0BCA-480A-B344-6F2920A6430D}"
EndProject
Project("{9A19103F-16F7-4668-BE54-9A1E7A4F7556}") = "HassesWebshopCRM.Domain.Test", "..\HassesWebshopCRM.Domain.Test\HassesWebshopCRM.Domain.Test.csproj", "{57759605-E773-4B2E-9D86-5D364A32A347}"
EndProject
Project("{9A19103F-16F7-4668-BE54-9A1E7A4F7556}") = "HassesWebshopCRM.API.Test", "..\HassesWebshopCRM.API.Test\HassesWebshopCRM.API.Test.csproj", "{2C448A32-ABEA-4258-9A67-91C678F9F3DE}"
EndProject
Project("{FAE04EC0-301F-11D3-BF4B-00C04F79EFBC}") = "HassesWebshopCRM.ExternalServiceHandler", "..\HassesWebshopCRM.ExternalServiceHandler\HassesWebshopCRM.ExternalServiceHandler.csproj", "{45FFFF00-DF0C-4DAB-8CE2-DBA15599E707}"
EndProject
Global
	GlobalSection(SolutionConfigurationPlatforms) = preSolution
		Debug|Any CPU = Debug|Any CPU
		Release|Any CPU = Release|Any CPU
	EndGlobalSection
	GlobalSection(ProjectConfigurationPlatforms) = postSolution
		{1CE70226-1E3C-40D4-9202-A0FDB76240E0}.Debug|Any CPU.ActiveCfg = Debug|Any CPU
		{1CE70226-1E3C-40D4-9202-A0FDB76240E0}.Debug|Any CPU.Build.0 = Debug|Any CPU
		{1CE70226-1E3C-40D4-9202-A0FDB76240E0}.Release|Any CPU.ActiveCfg = Release|Any CPU
		{1CE70226-1E3C-40D4-9202-A0FDB76240E0}.Release|Any CPU.Build.0 = Release|Any CPU
		{E1B3BC53-DDF5-43CE-BC4B-155007B221F4}.Debug|Any CPU.ActiveCfg = Debug|Any CPU
		{E1B3BC53-DDF5-43CE-BC4B-155007B221F4}.Debug|Any CPU.Build.0 = Debug|Any CPU
		{E1B3BC53-DDF5-43CE-BC4B-155007B221F4}.Release|Any CPU.ActiveCfg = Release|Any CPU
		{E1B3BC53-DDF5-43CE-BC4B-155007B221F4}.Release|Any CPU.Build.0 = Release|Any CPU
		{DA59823B-0BCA-480A-B344-6F2920A6430D}.Debug|Any CPU.ActiveCfg = Debug|Any CPU
		{DA59823B-0BCA-480A-B344-6F2920A6430D}.Debug|Any CPU.Build.0 = Debug|Any CPU
		{DA59823B-0BCA-480A-B344-6F2920A6430D}.Release|Any CPU.ActiveCfg = Release|Any CPU
		{DA59823B-0BCA-480A-B344-6F2920A6430D}.Release|Any CPU.Build.0 = Release|Any CPU
		{57759605-E773-4B2E-9D86-5D364A32A347}.Debug|Any CPU.ActiveCfg = Debug|Any CPU
		{57759605-E773-4B2E-9D86-5D364A32A347}.Debug|Any CPU.Build.0 = Debug|Any CPU
		{57759605-E773-4B2E-9D86-5D364A32A347}.Release|Any CPU.ActiveCfg = Release|Any CPU
		{57759605-E773-4B2E-9D86-5D364A32A347}.Release|Any CPU.Build.0 = Release|Any CPU
		{2C448A32-ABEA-4258-9A67-91C678F9F3DE}.Debug|Any CPU.ActiveCfg = Debug|Any CPU
		{2C448A32-ABEA-4258-9A67-91C678F9F3DE}.Debug|Any CPU.Build.0 = Debug|Any CPU
		{2C448A32-ABEA-4258-9A67-91C678F9F3DE}.Release|Any CPU.ActiveCfg = Release|Any CPU
		{2C448A32-ABEA-4258-9A67-91C678F9F3DE}.Release|Any CPU.Build.0 = Release|Any CPU
		{45FFFF00-DF0C-4DAB-8CE2-DBA15599E707}.Debug|Any CPU.ActiveCfg = Debug|Any CPU
		{45FFFF00-DF0C-4DAB-8CE2-DBA15599E707}.Debug|Any CPU.Build.0 = Debug|Any CPU
		{45FFFF00-DF0C-4DAB-8CE2-DBA15599E707}.Release|Any CPU.ActiveCfg = Release|Any CPU
		{45FFFF00-DF0C-4DAB-8CE2-DBA15599E707}.Release|Any CPU.Build.0 = Release|Any CPU
	EndGlobalSection
	GlobalSection(SolutionProperties) = preSolution
		HideSolutionNode = FALSE
	EndGlobalSection
	GlobalSection(ExtensibilityGlobals) = postSolution
		SolutionGuid = {0A255C37-698A-4B89-8649-7230C73CF8E5}
	EndGlobalSection
EndGlobal
